SITE
  remote: http://community.opscode.com/api/v1
  specs:
    apt (1.9.2)
    ark (0.1.0)
    build-essential (1.3.4)

GIT
  remote: https://github.com/marsam/cookbook-gis
  ref: master
  sha: 1a656b51045b16e3a3a1dd3c68bff272891f1b4d
  specs:
    gis (0.0.1)
      apt (>= 0.0.0)
      ark (>= 0.0.0)
      build-essential (>= 0.0.0)

GIT
  remote: https://github.com/phlipper/chef-postgresql
  ref: master
  sha: ff499fcff50c1113f74cc32352ebfbede93a06cc
  specs:
    postgresql (0.10.1)
      apt (>= 0.0.0)

DEPENDENCIES
  apt (>= 0)
  build-essential (>= 0)
  gis (>= 0)
  postgresql (>= 0)

